// !$*UTF8*$!
{
	archiveVersion = 1;
	classes = {
	};
	objectVersion = 77;
	objects = {

/* Begin PBXBuildFile section */
		8E494E382FFBBD7C00CEBF48 /* GroqService.swift in Sources */ = {isa = PBXBuildFile; fileRef = 8E494E372FFBBD7A00CEBF48 /* GroqService.swift */; };
		8E89B9C92FF9889800DB6297 /* StockDetailView.swift in Sources */ = {isa = PBXBuildFile; fileRef = 8E89B9C82FF9889200DB6297 /* StockDetailView.swift */; };
		8EBF52272FF5AA5100AB9A5C /* Constants.swift in Sources */ = {isa = PBXBuildFile; fileRef = 8EBF52252FF5AA5100AB9A5C /* Constants.swift */; };
		8EBF52292FF5AA5100AB9A5C /* DashboardView.swift in Sources */ = {isa = PBXBuildFile; fileRef = 8EBF52202FF5AA5100AB9A5C /* DashboardView.swift */; };
		8EBF522A2FF5AA5100AB9A5C /* ContentView.swift in Sources */ = {isa = PBXBuildFile; fileRef = 8EBF52212FF5AA5100AB9A5C /* ContentView.swift */; };
		8EBF522B2FF5AA5100AB9A5C /* MarketExplorerView.swift in Sources */ = {isa = PBXBuildFile; fileRef = 8EBF521F2FF5AA5100AB9A5C /* MarketExplorerView.swift */; };
		8EBF522C2FF5AA5100AB9A5C /* AIAssistantView.swift in Sources */ = {isa = PBXBuildFile; fileRef = 8EBF521D2FF5AA5100AB9A5C /* AIAssistantView.swift */; };
		8EBF522D2FF5AA5100AB9A5C /* PortfolioView.swift in Sources */ = {isa = PBXBuildFile; fileRef = 8EBF521E2FF5AA5100AB9A5C /* PortfolioView.swift */; };
		8EBF52312FF6EE3400AB9A5C /* NSEStock.swift in Sources */ = {isa = PBXBuildFile; fileRef = 8EBF52302FF6EE3100AB9A5C /* NSEStock.swift */; };
		8EBF52332FF6F1BA00AB9A5C /* stock_list.csv in Resources */ = {isa = PBXBuildFile; fileRef = 8EBF52322FF6F1BA00AB9A5C /* stock_list.csv */; };
		8EBF52362FF6F94700AB9A5C /* MarketExplorerViewModel.swift in Sources */ = {isa = PBXBuildFile; fileRef = 8EBF52342FF6F39B00AB9A5C /* MarketExplorerViewModel.swift */; };
		8EBF52382FF7011A00AB9A5C /* ChatMessage.swift in Sources */ = {isa = PBXBuildFile; fileRef = 8EBF52372FF7011700AB9A5C /* ChatMessage.swift */; };
		8EBF523A2FF9099700AB9A5C /* MarketAPIService.swift in Sources */ = {isa = PBXBuildFile; fileRef = 8EBF52392FF9099400AB9A5C /* MarketAPIService.swift */; };
		8EBF523C2FF90C8100AB9A5C /* PortfolioManager.swift in Sources */ = {isa = PBXBuildFile; fileRef = 8EBF523B2FF90C7F00AB9A5C /* PortfolioManager.swift */; };
		8EAA00042FFFFFFF00AB9A5C /* Trade.swift in Sources */ = {isa = PBXBuildFile; fileRef = 8EAA00032FFFFFFF00AB9A5C /* Trade.swift */; };
		8EAA00062FFFFFFF00AB9A5C /* TradeHistoryView.swift in Sources */ = {isa = PBXBuildFile; fileRef = 8EAA00052FFFFFFF00AB9A5C /* TradeHistoryView.swift */; };
		8EAA00082FFFFFFF00AB9A5C /* PerformanceView.swift in Sources */ = {isa = PBXBuildFile; fileRef = 8EAA00072FFFFFFF00AB9A5C /* PerformanceView.swift */; };
		8EAA000A2FFFFFFF00AB9A5C /* Theme.swift in Sources */ = {isa = PBXBuildFile; fileRef = 8EAA00092FFFFFFF00AB9A5C /* Theme.swift */; };
		8EAA000C2FFFFFFF00AB9A5C /* OrderTicketView.swift in Sources */ = {isa = PBXBuildFile; fileRef = 8EAA000B2FFFFFFF00AB9A5C /* OrderTicketView.swift */; };
		8EAA000E2FFFFFFF00AB9A5C /* WatchlistItem.swift in Sources */ = {isa = PBXBuildFile; fileRef = 8EAA000D2FFFFFFF00AB9A5C /* WatchlistItem.swift */; };
		8EAA00102FFFFFFF00AB9A5C /* PriceAlert.swift in Sources */ = {isa = PBXBuildFile; fileRef = 8EAA000F2FFFFFFF00AB9A5C /* PriceAlert.swift */; };
		8EAA00122FFFFFFF00AB9A5C /* AlertsView.swift in Sources */ = {isa = PBXBuildFile; fileRef = 8EAA00112FFFFFFF00AB9A5C /* AlertsView.swift */; };
		8EAA00142FFFFFFF00AB9A5C /* LimitOrder.swift in Sources */ = {isa = PBXBuildFile; fileRef = 8EAA00132FFFFFFF00AB9A5C /* LimitOrder.swift */; };
		8EAA00162FFFFFFF00AB9A5C /* PerformanceReconstructor.swift in Sources */ = {isa = PBXBuildFile; fileRef = 8EAA00152FFFFFFF00AB9A5C /* PerformanceReconstructor.swift */; };
		8EBB02002FFFFFFF00AB9A5C /* MarketSessionTests.swift in Sources */ = {isa = PBXBuildFile; fileRef = 8EBB01002FFFFFFF00AB9A5C /* MarketSessionTests.swift */; };
		8EBB02012FFFFFFF00AB9A5C /* QuoteCacheTests.swift in Sources */ = {isa = PBXBuildFile; fileRef = 8EBB01012FFFFFFF00AB9A5C /* QuoteCacheTests.swift */; };
		8EBB02022FFFFFFF00AB9A5C /* PerformanceMathTests.swift in Sources */ = {isa = PBXBuildFile; fileRef = 8EBB01022FFFFFFF00AB9A5C /* PerformanceMathTests.swift */; };
		8EBB02032FFFFFFF00AB9A5C /* OrderLogicTests.swift in Sources */ = {isa = PBXBuildFile; fileRef = 8EBB01032FFFFFFF00AB9A5C /* OrderLogicTests.swift */; };
		8EBB02042FFFFFFF00AB9A5C /* ReconstructionTests.swift in Sources */ = {isa = PBXBuildFile; fileRef = 8EBB01042FFFFFFF00AB9A5C /* ReconstructionTests.swift */; };
		8EBB04012FFFFFFF00AB9A5C /* PortfolioManagerTests.swift in Sources */ = {isa = PBXBuildFile; fileRef = 8EBB03012FFFFFFF00AB9A5C /* PortfolioManagerTests.swift */; };
/* End PBXBuildFile section */

/* Begin PBXContainerItemProxy section */
		8EBB000B2FFFFFFF00AB9A5C /* PBXContainerItemProxy */ = {
			isa = PBXContainerItemProxy;
			containerPortal = 8EBF52042FF5AA2800AB9A5C /* Project object */;
			proxyType = 1;
			remoteGlobalIDString = 8EBF520B2FF5AA2800AB9A5C;
			remoteInfo = TradeX;
		};
/* End PBXContainerItemProxy section */

/* Begin PBXFileReference section */
		8E494E372FFBBD7A00CEBF48 /* GroqService.swift */ = {isa = PBXFileReference; lastKnownFileType = sourcecode.swift; path = GroqService.swift; sourceTree = "<group>"; };
		8E89B9C82FF9889200DB6297 /* StockDetailView.swift */ = {isa = PBXFileReference; lastKnownFileType = sourcecode.swift; path = StockDetailView.swift; sourceTree = "<group>"; };
		8EBF520C2FF5AA2800AB9A5C /* TradeX.app */ = {isa = PBXFileReference; explicitFileType = wrapper.application; includeInIndex = 0; path = TradeX.app; sourceTree = BUILT_PRODUCTS_DIR; };
		8EBF521D2FF5AA5100AB9A5C /* AIAssistantView.swift */ = {isa = PBXFileReference; lastKnownFileType = sourcecode.swift; path = AIAssistantView.swift; sourceTree = "<group>"; };
		8EBF521E2FF5AA5100AB9A5C /* PortfolioView.swift */ = {isa = PBXFileReference; lastKnownFileType = sourcecode.swift; path = PortfolioView.swift; sourceTree = "<group>"; };
		8EBF521F2FF5AA5100AB9A5C /* MarketExplorerView.swift */ = {isa = PBXFileReference; lastKnownFileType = sourcecode.swift; path = MarketExplorerView.swift; sourceTree = "<group>"; };
		8EBF52202FF5AA5100AB9A5C /* DashboardView.swift */ = {isa = PBXFileReference; lastKnownFileType = sourcecode.swift; path = DashboardView.swift; sourceTree = "<group>"; };
		8EBF52212FF5AA5100AB9A5C /* ContentView.swift */ = {isa = PBXFileReference; lastKnownFileType = sourcecode.swift; path = ContentView.swift; sourceTree = "<group>"; };
		8EBF52252FF5AA5100AB9A5C /* Constants.swift */ = {isa = PBXFileReference; lastKnownFileType = sourcecode.swift; path = Constants.swift; sourceTree = "<group>"; };
		8EBF52302FF6EE3100AB9A5C /* NSEStock.swift */ = {isa = PBXFileReference; lastKnownFileType = sourcecode.swift; path = NSEStock.swift; sourceTree = "<group>"; };
		8EBF52322FF6F1BA00AB9A5C /* stock_list.csv */ = {isa = PBXFileReference; lastKnownFileType = text; path = stock_list.csv; sourceTree = "<group>"; };
		8EBF52342FF6F39B00AB9A5C /* MarketExplorerViewModel.swift */ = {isa = PBXFileReference; lastKnownFileType = sourcecode.swift; path = MarketExplorerViewModel.swift; sourceTree = "<group>"; };
		8EBF52372FF7011700AB9A5C /* ChatMessage.swift */ = {isa = PBXFileReference; lastKnownFileType = sourcecode.swift; path = ChatMessage.swift; sourceTree = "<group>"; };
		8EBF52392FF9099400AB9A5C /* MarketAPIService.swift */ = {isa = PBXFileReference; lastKnownFileType = sourcecode.swift; path = MarketAPIService.swift; sourceTree = "<group>"; };
		8EBF523B2FF90C7F00AB9A5C /* PortfolioManager.swift */ = {isa = PBXFileReference; lastKnownFileType = sourcecode.swift; path = PortfolioManager.swift; sourceTree = "<group>"; };
		8EAA00012FFFFFFF00AB9A5C /* Secrets.xcconfig */ = {isa = PBXFileReference; lastKnownFileType = text.xcconfig; path = Secrets.xcconfig; sourceTree = "<group>"; };
		8EAA00022FFFFFFF00AB9A5C /* TradeX-Info.plist */ = {isa = PBXFileReference; lastKnownFileType = text.plist.xml; path = "TradeX-Info.plist"; sourceTree = "<group>"; };
		8EAA00032FFFFFFF00AB9A5C /* Trade.swift */ = {isa = PBXFileReference; lastKnownFileType = sourcecode.swift; path = Trade.swift; sourceTree = "<group>"; };
		8EAA00052FFFFFFF00AB9A5C /* TradeHistoryView.swift */ = {isa = PBXFileReference; lastKnownFileType = sourcecode.swift; path = TradeHistoryView.swift; sourceTree = "<group>"; };
		8EAA00072FFFFFFF00AB9A5C /* PerformanceView.swift */ = {isa = PBXFileReference; lastKnownFileType = sourcecode.swift; path = PerformanceView.swift; sourceTree = "<group>"; };
		8EAA00092FFFFFFF00AB9A5C /* Theme.swift */ = {isa = PBXFileReference; lastKnownFileType = sourcecode.swift; path = Theme.swift; sourceTree = "<group>"; };
		8EAA000B2FFFFFFF00AB9A5C /* OrderTicketView.swift */ = {isa = PBXFileReference; lastKnownFileType = sourcecode.swift; path = OrderTicketView.swift; sourceTree = "<group>"; };
		8EAA000D2FFFFFFF00AB9A5C /* WatchlistItem.swift */ = {isa = PBXFileReference; lastKnownFileType = sourcecode.swift; path = WatchlistItem.swift; sourceTree = "<group>"; };
		8EAA000F2FFFFFFF00AB9A5C /* PriceAlert.swift */ = {isa = PBXFileReference; lastKnownFileType = sourcecode.swift; path = PriceAlert.swift; sourceTree = "<group>"; };
		8EAA00112FFFFFFF00AB9A5C /* AlertsView.swift */ = {isa = PBXFileReference; lastKnownFileType = sourcecode.swift; path = AlertsView.swift; sourceTree = "<group>"; };
		8EAA00132FFFFFFF00AB9A5C /* LimitOrder.swift */ = {isa = PBXFileReference; lastKnownFileType = sourcecode.swift; path = LimitOrder.swift; sourceTree = "<group>"; };
		8EAA00152FFFFFFF00AB9A5C /* PerformanceReconstructor.swift */ = {isa = PBXFileReference; lastKnownFileType = sourcecode.swift; path = PerformanceReconstructor.swift; sourceTree = "<group>"; };
		8EBB01002FFFFFFF00AB9A5C /* MarketSessionTests.swift */ = {isa = PBXFileReference; lastKnownFileType = sourcecode.swift; path = MarketSessionTests.swift; sourceTree = "<group>"; };
		8EBB01012FFFFFFF00AB9A5C /* QuoteCacheTests.swift */ = {isa = PBXFileReference; lastKnownFileType = sourcecode.swift; path = QuoteCacheTests.swift; sourceTree = "<group>"; };
		8EBB01022FFFFFFF00AB9A5C /* PerformanceMathTests.swift */ = {isa = PBXFileReference; lastKnownFileType = sourcecode.swift; path = PerformanceMathTests.swift; sourceTree = "<group>"; };
		8EBB01032FFFFFFF00AB9A5C /* OrderLogicTests.swift */ = {isa = PBXFileReference; lastKnownFileType = sourcecode.swift; path = OrderLogicTests.swift; sourceTree = "<group>"; };
		8EBB01042FFFFFFF00AB9A5C /* ReconstructionTests.swift */ = {isa = PBXFileReference; lastKnownFileType = sourcecode.swift; path = ReconstructionTests.swift; sourceTree = "<group>"; };
		8EBB00022FFFFFFF00AB9A5C /* TradeXTests.xctest */ = {isa = PBXFileReference; explicitFileType = wrapper.cfbundle; includeInIndex = 0; path = TradeXTests.xctest; sourceTree = BUILT_PRODUCTS_DIR; };
		8EBB03012FFFFFFF00AB9A5C /* PortfolioManagerTests.swift */ = {isa = PBXFileReference; lastKnownFileType = sourcecode.swift; path = PortfolioManagerTests.swift; sourceTree = "<group>"; };
/* End PBXFileReference section */

/* Begin PBXFileSystemSynchronizedRootGroup section */
		8EBF520E2FF5AA2800AB9A5C /* TradeX */ = {
			isa = PBXFileSystemSynchronizedRootGroup;
			path = TradeX;
			sourceTree = "<group>";
		};
/* End PBXFileSystemSynchronizedRootGroup section */

/* Begin PBXFrameworksBuildPhase section */
		8EBF52092FF5AA2800AB9A5C /* Frameworks */ = {
			isa = PBXFrameworksBuildPhase;
			buildActionMask = 2147483647;
			files = (
			);
			runOnlyForDeploymentPostprocessing = 0;
		};
		8EBB00052FFFFFFF00AB9A5C /* Frameworks */ = {
			isa = PBXFrameworksBuildPhase;
			buildActionMask = 2147483647;
			files = (
			);
			runOnlyForDeploymentPostprocessing = 0;
		};
/* End PBXFrameworksBuildPhase section */

/* Begin PBXGroup section */
		8EBF52032FF5AA2800AB9A5C = {
			isa = PBXGroup;
			children = (
				8EBF520E2FF5AA2800AB9A5C /* TradeX */,
				8EBF520D2FF5AA2800AB9A5C /* Products */,
				8EBF521C2FF5AA5100AB9A5C /* ViewModels */,
				8EBF52222FF5AA5100AB9A5C /* Views */,
				8EBF52242FF5AA5100AB9A5C /* Models */,
				8EBF52262FF5AA5100AB9A5C /* Core */,
				8EBB00032FFFFFFF00AB9A5C /* TradeXTests */,
				8EAA00012FFFFFFF00AB9A5C /* Secrets.xcconfig */,
				8EAA00022FFFFFFF00AB9A5C /* TradeX-Info.plist */,
			);
			sourceTree = "<group>";
		};
		8EBF520D2FF5AA2800AB9A5C /* Products */ = {
			isa = PBXGroup;
			children = (
				8EBF520C2FF5AA2800AB9A5C /* TradeX.app */,
				8EBB00022FFFFFFF00AB9A5C /* TradeXTests.xctest */,
			);
			name = Products;
			sourceTree = "<group>";
		};
		8EBF521C2FF5AA5100AB9A5C /* ViewModels */ = {
			isa = PBXGroup;
			children = (
				8EBF52342FF6F39B00AB9A5C /* MarketExplorerViewModel.swift */,
			);
			path = ViewModels;
			sourceTree = "<group>";
		};
		8EBF52222FF5AA5100AB9A5C /* Views */ = {
			isa = PBXGroup;
			children = (
				8EAA00112FFFFFFF00AB9A5C /* AlertsView.swift */,
				8EAA000B2FFFFFFF00AB9A5C /* OrderTicketView.swift */,
				8EAA00072FFFFFFF00AB9A5C /* PerformanceView.swift */,
				8EAA00052FFFFFFF00AB9A5C /* TradeHistoryView.swift */,
				8E89B9C82FF9889200DB6297 /* StockDetailView.swift */,
				8EBF521D2FF5AA5100AB9A5C /* AIAssistantView.swift */,
				8EBF521E2FF5AA5100AB9A5C /* PortfolioView.swift */,
				8EBF521F2FF5AA5100AB9A5C /* MarketExplorerView.swift */,
				8EBF52202FF5AA5100AB9A5C /* DashboardView.swift */,
				8EBF52212FF5AA5100AB9A5C /* ContentView.swift */,
			);
			path = Views;
			sourceTree = "<group>";
		};
		8EBF52242FF5AA5100AB9A5C /* Models */ = {
			isa = PBXGroup;
			children = (
				8EAA00152FFFFFFF00AB9A5C /* PerformanceReconstructor.swift */,
				8EAA00132FFFFFFF00AB9A5C /* LimitOrder.swift */,
				8EAA000F2FFFFFFF00AB9A5C /* PriceAlert.swift */,
				8EAA000D2FFFFFFF00AB9A5C /* WatchlistItem.swift */,
				8EAA00032FFFFFFF00AB9A5C /* Trade.swift */,
				8E494E372FFBBD7A00CEBF48 /* GroqService.swift */,
				8EBF523B2FF90C7F00AB9A5C /* PortfolioManager.swift */,
				8EBF52392FF9099400AB9A5C /* MarketAPIService.swift */,
				8EBF52372FF7011700AB9A5C /* ChatMessage.swift */,
				8EBF52322FF6F1BA00AB9A5C /* stock_list.csv */,
				8EBF52302FF6EE3100AB9A5C /* NSEStock.swift */,
			);
			path = Models;
			sourceTree = "<group>";
		};
		8EBF52262FF5AA5100AB9A5C /* Core */ = {
			isa = PBXGroup;
			children = (
				8EAA00092FFFFFFF00AB9A5C /* Theme.swift */,
				8EBF52252FF5AA5100AB9A5C /* Constants.swift */,
			);
			path = Core;
			sourceTree = "<group>";
		};
		8EBB00032FFFFFFF00AB9A5C /* TradeXTests */ = {
			isa = PBXGroup;
			children = (
				8EBB03012FFFFFFF00AB9A5C /* PortfolioManagerTests.swift */,
				8EBB01002FFFFFFF00AB9A5C /* MarketSessionTests.swift */,
				8EBB01012FFFFFFF00AB9A5C /* QuoteCacheTests.swift */,
				8EBB01022FFFFFFF00AB9A5C /* PerformanceMathTests.swift */,
				8EBB01032FFFFFFF00AB9A5C /* OrderLogicTests.swift */,
				8EBB01042FFFFFFF00AB9A5C /* ReconstructionTests.swift */,
			);
			path = TradeXTests;
			sourceTree = "<group>";
		};
/* End PBXGroup section */

/* Begin PBXNativeTarget section */
		8EBF520B2FF5AA2800AB9A5C /* TradeX */ = {
			isa = PBXNativeTarget;
			buildConfigurationList = 8EBF52192FF5AA2800AB9A5C /* Build configuration list for PBXNativeTarget "TradeX" */;
			buildPhases = (
				8EBF52082FF5AA2800AB9A5C /* Sources */,
				8EBF52092FF5AA2800AB9A5C /* Frameworks */,
				8EBF520A2FF5AA2800AB9A5C /* Resources */,
			);
			buildRules = (
			);
			dependencies = (
			);
			fileSystemSynchronizedGroups = (
				8EBF520E2FF5AA2800AB9A5C /* TradeX */,
			);
			name = TradeX;
			packageProductDependencies = (
			);
			productName = TradeX;
			productReference = 8EBF520C2FF5AA2800AB9A5C /* TradeX.app */;
			productType = "com.apple.product-type.application";
		};
		8EBB00012FFFFFFF00AB9A5C /* TradeXTests */ = {
			isa = PBXNativeTarget;
			buildConfigurationList = 8EBB00072FFFFFFF00AB9A5C /* Build configuration list for PBXNativeTarget "TradeXTests" */;
			buildPhases = (
				8EBB00042FFFFFFF00AB9A5C /* Sources */,
				8EBB00052FFFFFFF00AB9A5C /* Frameworks */,
				8EBB00062FFFFFFF00AB9A5C /* Resources */,
			);
			buildRules = (
			);
			dependencies = (
				8EBB000A2FFFFFFF00AB9A5C /* PBXTargetDependency */,
			);
			name = TradeXTests;
			packageProductDependencies = (
			);
			productName = TradeXTests;
			productReference = 8EBB00022FFFFFFF00AB9A5C /* TradeXTests.xctest */;
			productType = "com.apple.product-type.bundle.unit-test";
		};
/* End PBXNativeTarget section */

/* Begin PBXProject section */
		8EBF52042FF5AA2800AB9A5C /* Project object */ = {
			isa = PBXProject;
			attributes = {
				BuildIndependentTargetsInParallel = 1;
				LastSwiftUpdateCheck = 2660;
				LastUpgradeCheck = 2660;
				TargetAttributes = {
					8EBF520B2FF5AA2800AB9A5C = {
						CreatedOnToolsVersion = 26.6;
					};
				};
			};
			buildConfigurationList = 8EBF52072FF5AA2800AB9A5C /* Build configuration list for PBXProject "TradeX" */;
			developmentRegion = en;
			hasScannedForEncodings = 0;
			knownRegions = (
				en,
				Base,
			);
			mainGroup = 8EBF52032FF5AA2800AB9A5C;
			minimizedProjectReferenceProxies = 1;
			packageReferences = (
			);
			preferredProjectObjectVersion = 77;
			productRefGroup = 8EBF520D2FF5AA2800AB9A5C /* Products */;
			projectDirPath = "";
			projectRoot = "";
			targets = (
				8EBF520B2FF5AA2800AB9A5C /* TradeX */,
				8EBB00012FFFFFFF00AB9A5C /* TradeXTests */,
			);
		};
/* End PBXProject section */

/* Begin PBXResourcesBuildPhase section */
		8EBF520A2FF5AA2800AB9A5C /* Resources */ = {
			isa = PBXResourcesBuildPhase;
			buildActionMask = 2147483647;
			files = (
				8EBF52332FF6F1BA00AB9A5C /* stock_list.csv in Resources */,
			);
			runOnlyForDeploymentPostprocessing = 0;
		};
		8EBB00062FFFFFFF00AB9A5C /* Resources */ = {
			isa = PBXResourcesBuildPhase;
			buildActionMask = 2147483647;
			files = (
			);
			runOnlyForDeploymentPostprocessing = 0;
		};
/* End PBXResourcesBuildPhase section */

/* Begin PBXSourcesBuildPhase section */
		8EBF52082FF5AA2800AB9A5C /* Sources */ = {
			isa = PBXSourcesBuildPhase;
			buildActionMask = 2147483647;
			files = (
				8EBF523A2FF9099700AB9A5C /* MarketAPIService.swift in Sources */,
				8EAA00162FFFFFFF00AB9A5C /* PerformanceReconstructor.swift in Sources */,
				8EAA00142FFFFFFF00AB9A5C /* LimitOrder.swift in Sources */,
				8EAA00122FFFFFFF00AB9A5C /* AlertsView.swift in Sources */,
				8EAA00102FFFFFFF00AB9A5C /* PriceAlert.swift in Sources */,
				8EAA000E2FFFFFFF00AB9A5C /* WatchlistItem.swift in Sources */,
				8EAA000C2FFFFFFF00AB9A5C /* OrderTicketView.swift in Sources */,
				8EAA000A2FFFFFFF00AB9A5C /* Theme.swift in Sources */,
				8EAA00082FFFFFFF00AB9A5C /* PerformanceView.swift in Sources */,
				8EAA00062FFFFFFF00AB9A5C /* TradeHistoryView.swift in Sources */,
				8EAA00042FFFFFFF00AB9A5C /* Trade.swift in Sources */,
				8E89B9C92FF9889800DB6297 /* StockDetailView.swift in Sources */,
				8EBF52362FF6F94700AB9A5C /* MarketExplorerViewModel.swift in Sources */,
				8EBF52272FF5AA5100AB9A5C /* Constants.swift in Sources */,
				8EBF523C2FF90C8100AB9A5C /* PortfolioManager.swift in Sources */,
				8E494E382FFBBD7C00CEBF48 /* GroqService.swift in Sources */,
				8EBF52292FF5AA5100AB9A5C /* DashboardView.swift in Sources */,
				8EBF522A2FF5AA5100AB9A5C /* ContentView.swift in Sources */,
				8EBF522B2FF5AA5100AB9A5C /* MarketExplorerView.swift in Sources */,
				8EBF52312FF6EE3400AB9A5C /* NSEStock.swift in Sources */,
				8EBF52382FF7011A00AB9A5C /* ChatMessage.swift in Sources */,
				8EBF522C2FF5AA5100AB9A5C /* AIAssistantView.swift in Sources */,
				8EBF522D2FF5AA5100AB9A5C /* PortfolioView.swift in Sources */,
			);
			runOnlyForDeploymentPostprocessing = 0;
		};
		8EBB00042FFFFFFF00AB9A5C /* Sources */ = {
			isa = PBXSourcesBuildPhase;
			buildActionMask = 2147483647;
			files = (
				8EBB02002FFFFFFF00AB9A5C /* MarketSessionTests.swift in Sources */,
				8EBB04012FFFFFFF00AB9A5C /* PortfolioManagerTests.swift in Sources */,
				8EBB02012FFFFFFF00AB9A5C /* QuoteCacheTests.swift in Sources */,
				8EBB02022FFFFFFF00AB9A5C /* PerformanceMathTests.swift in Sources */,
				8EBB02032FFFFFFF00AB9A5C /* OrderLogicTests.swift in Sources */,
				8EBB02042FFFFFFF00AB9A5C /* ReconstructionTests.swift in Sources */,
			);
			runOnlyForDeploymentPostprocessing = 0;
		};
/* End PBXSourcesBuildPhase section */

/* Begin PBXTargetDependency section */
		8EBB000A2FFFFFFF00AB9A5C /* PBXTargetDependency */ = {
			isa = PBXTargetDependency;
			target = 8EBF520B2FF5AA2800AB9A5C /* TradeX */;
			targetProxy = 8EBB000B2FFFFFFF00AB9A5C /* PBXContainerItemProxy */;
		};
/* End PBXTargetDependency section */

/* Begin XCBuildConfiguration section */
		8EBF52172FF5AA2800AB9A5C /* Debug */ = {
			isa = XCBuildConfiguration;
			buildSettings = {
				ALWAYS_SEARCH_USER_PATHS = NO;
				ASSETCATALOG_COMPILER_GENERATE_SWIFT_ASSET_SYMBOL_EXTENSIONS = YES;
				CLANG_ANALYZER_NONNULL = YES;
				CLANG_ANALYZER_NUMBER_OBJECT_CONVERSION = YES_AGGRESSIVE;
				CLANG_CXX_LANGUAGE_STANDARD = "gnu++20";
				CLANG_ENABLE_MODULES = YES;
				CLANG_ENABLE_OBJC_ARC = YES;
				CLANG_ENABLE_OBJC_WEAK = YES;
				CLANG_WARN_BLOCK_CAPTURE_AUTORELEASING = YES;
				CLANG_WARN_BOOL_CONVERSION = YES;
				CLANG_WARN_COMMA = YES;
				CLANG_WARN_CONSTANT_CONVERSION = YES;
				CLANG_WARN_DEPRECATED_OBJC_IMPLEMENTATIONS = YES;
				CLANG_WARN_DIRECT_OBJC_ISA_USAGE = YES_ERROR;
				CLANG_WARN_DOCUMENTATION_COMMENTS = YES;
				CLANG_WARN_EMPTY_BODY = YES;
				CLANG_WARN_ENUM_CONVERSION = YES;
				CLANG_WARN_INFINITE_RECURSION = YES;
				CLANG_WARN_INT_CONVERSION = YES;
				CLANG_WARN_NON_LITERAL_NULL_CONVERSION = YES;
				CLANG_WARN_OBJC_IMPLICIT_RETAIN_SELF = YES;
				CLANG_WARN_OBJC_LITERAL_CONVERSION = YES;
				CLANG_WARN_OBJC_ROOT_CLASS = YES_ERROR;
				CLANG_WARN_QUOTED_INCLUDE_IN_FRAMEWORK_HEADER = YES;
				CLANG_WARN_RANGE_LOOP_ANALYSIS = YES;
				CLANG_WARN_STRICT_PROTOTYPES = YES;
				CLANG_WARN_SUSPICIOUS_MOVE = YES;
				CLANG_WARN_UNGUARDED_AVAILABILITY = YES_AGGRESSIVE;
				CLANG_WARN_UNREACHABLE_CODE = YES;
				CLANG_WARN__DUPLICATE_METHOD_MATCH = YES;
				COPY_PHASE_STRIP = NO;
				DEBUG_INFORMATION_FORMAT = dwarf;
				DEVELOPMENT_TEAM = VF7JY7AB79;
				ENABLE_STRICT_OBJC_MSGSEND = YES;
				ENABLE_TESTABILITY = YES;
				ENABLE_USER_SCRIPT_SANDBOXING = YES;
				GCC_C_LANGUAGE_STANDARD = gnu17;
				GCC_DYNAMIC_NO_PIC = NO;
				GCC_NO_COMMON_BLOCKS = YES;
				GCC_OPTIMIZATION_LEVEL = 0;
				GCC_PREPROCESSOR_DEFINITIONS = (
					"DEBUG=1",
					"$(inherited)",
				);
				GCC_WARN_64_TO_32_BIT_CONVERSION = YES;
				GCC_WARN_ABOUT_RETURN_TYPE = YES_ERROR;
				GCC_WARN_UNDECLARED_SELECTOR = YES;
				GCC_WARN_UNINITIALIZED_AUTOS = YES_AGGRESSIVE;
				GCC_WARN_UNUSED_FUNCTION = YES;
				GCC_WARN_UNUSED_VARIABLE = YES;
				LOCALIZATION_PREFERS_STRING_CATALOGS = YES;
				MTL_ENABLE_DEBUG_INFO = INCLUDE_SOURCE;
				MTL_FAST_MATH = YES;
				ONLY_ACTIVE_ARCH = YES;
				SWIFT_ACTIVE_COMPILATION_CONDITIONS = "DEBUG $(inherited)";
				SWIFT_OPTIMIZATION_LEVEL = "-Onone";
			};
			name = Debug;
		};
		8EBF52182FF5AA2800AB9A5C /* Release */ = {
			isa = XCBuildConfiguration;
			buildSettings = {
				ALWAYS_SEARCH_USER_PATHS = NO;
				ASSETCATALOG_COMPILER_GENERATE_SWIFT_ASSET_SYMBOL_EXTENSIONS = YES;
				CLANG_ANALYZER_NONNULL = YES;
				CLANG_ANALYZER_NUMBER_OBJECT_CONVERSION = YES_AGGRESSIVE;
				CLANG_CXX_LANGUAGE_STANDARD = "gnu++20";
				CLANG_ENABLE_MODULES = YES;
				CLANG_ENABLE_OBJC_ARC = YES;
				CLANG_ENABLE_OBJC_WEAK = YES;
				CLANG_WARN_BLOCK_CAPTURE_AUTORELEASING = YES;
				CLANG_WARN_BOOL_CONVERSION = YES;
				CLANG_WARN_COMMA = YES;
				CLANG_WARN_CONSTANT_CONVERSION = YES;
				CLANG_WARN_DEPRECATED_OBJC_IMPLEMENTATIONS = YES;
				CLANG_WARN_DIRECT_OBJC_ISA_USAGE = YES_ERROR;
				CLANG_WARN_DOCUMENTATION_COMMENTS = YES;
				CLANG_WARN_EMPTY_BODY = YES;
				CLANG_WARN_ENUM_CONVERSION = YES;
				CLANG_WARN_INFINITE_RECURSION = YES;
				CLANG_WARN_INT_CONVERSION = YES;
				CLANG_WARN_NON_LITERAL_NULL_CONVERSION = YES;
				CLANG_WARN_OBJC_IMPLICIT_RETAIN_SELF = YES;
				CLANG_WARN_OBJC_LITERAL_CONVERSION = YES;
				CLANG_WARN_OBJC_ROOT_CLASS = YES_ERROR;
				CLANG_WARN_QUOTED_INCLUDE_IN_FRAMEWORK_HEADER = YES;
				CLANG_WARN_RANGE_LOOP_ANALYSIS = YES;
				CLANG_WARN_STRICT_PROTOTYPES = YES;
				CLANG_WARN_SUSPICIOUS_MOVE = YES;
				CLANG_WARN_UNGUARDED_AVAILABILITY = YES_AGGRESSIVE;
				CLANG_WARN_UNREACHABLE_CODE = YES;
				CLANG_WARN__DUPLICATE_METHOD_MATCH = YES;
				COPY_PHASE_STRIP = NO;
				DEBUG_INFORMATION_FORMAT = "dwarf-with-dsym";
				DEVELOPMENT_TEAM = VF7JY7AB79;
				ENABLE_NS_ASSERTIONS = NO;
				ENABLE_STRICT_OBJC_MSGSEND = YES;
				ENABLE_USER_SCRIPT_SANDBOXING = YES;
				GCC_C_LANGUAGE_STANDARD = gnu17;
				GCC_NO_COMMON_BLOCKS = YES;
				GCC_WARN_64_TO_32_BIT_CONVERSION = YES;
				GCC_WARN_ABOUT_RETURN_TYPE = YES_ERROR;
				GCC_WARN_UNDECLARED_SELECTOR = YES;
				GCC_WARN_UNINITIALIZED_AUTOS = YES_AGGRESSIVE;
				GCC_WARN_UNUSED_FUNCTION = YES;
				GCC_WARN_UNUSED_VARIABLE = YES;
				LOCALIZATION_PREFERS_STRING_CATALOGS = YES;
				MTL_ENABLE_DEBUG_INFO = NO;
				MTL_FAST_MATH = YES;
				SWIFT_COMPILATION_MODE = wholemodule;
			};
			name = Release;
		};
		8EBF521A2FF5AA2800AB9A5C /* Debug */ = {
			isa = XCBuildConfiguration;
			baseConfigurationReference = 8EAA00012FFFFFFF00AB9A5C /* Secrets.xcconfig */;
			buildSettings = {
				ASSETCATALOG_COMPILER_APPICON_NAME = AppIcon;
				ASSETCATALOG_COMPILER_GLOBAL_ACCENT_COLOR_NAME = AccentColor;
				"CODE_SIGN_IDENTITY[sdk=macosx*]" = "Apple Development";
				CODE_SIGN_STYLE = Automatic;
				CURRENT_PROJECT_VERSION = 1;
				DEVELOPMENT_TEAM = VF7JY7AB79;
				ENABLE_APP_SANDBOX = YES;
				ENABLE_HARDENED_RUNTIME = YES;
				ENABLE_PREVIEWS = YES;
				ENABLE_USER_SELECTED_FILES = readonly;
				GENERATE_INFOPLIST_FILE = YES;
				INFOPLIST_FILE = "TradeX-Info.plist";
				INFOPLIST_KEY_LSApplicationCategoryType = "public.app-category.finance";
				"INFOPLIST_KEY_UIApplicationSceneManifest_Generation[sdk=iphoneos*]" = YES;
				"INFOPLIST_KEY_UIApplicationSceneManifest_Generation[sdk=iphonesimulator*]" = YES;
				"INFOPLIST_KEY_UIApplicationSupportsIndirectInputEvents[sdk=iphoneos*]" = YES;
				"INFOPLIST_KEY_UIApplicationSupportsIndirectInputEvents[sdk=iphonesimulator*]" = YES;
				"INFOPLIST_KEY_UILaunchScreen_Generation[sdk=iphoneos*]" = YES;
				"INFOPLIST_KEY_UILaunchScreen_Generation[sdk=iphonesimulator*]" = YES;
				"INFOPLIST_KEY_UIStatusBarStyle[sdk=iphoneos*]" = UIStatusBarStyleDefault;
				"INFOPLIST_KEY_UIStatusBarStyle[sdk=iphonesimulator*]" = UIStatusBarStyleDefault;
				INFOPLIST_KEY_UISupportedInterfaceOrientations_iPad = "UIInterfaceOrientationPortrait UIInterfaceOrientationPortraitUpsideDown UIInterfaceOrientationLandscapeLeft UIInterfaceOrientationLandscapeRight";
				INFOPLIST_KEY_UISupportedInterfaceOrientations_iPhone = "UIInterfaceOrientationPortrait UIInterfaceOrientationLandscapeLeft UIInterfaceOrientationLandscapeRight";
				IPHONEOS_DEPLOYMENT_TARGET = 18.6;
				LD_RUNPATH_SEARCH_PATHS = "@executable_path/Frameworks";
				"LD_RUNPATH_SEARCH_PATHS[sdk=macosx*]" = "@executable_path/../Frameworks";
				MACOSX_DEPLOYMENT_TARGET = 15.6;
				MARKETING_VERSION = 1.0;
				PRODUCT_BUNDLE_IDENTIFIER = vedant.TradeX;
				PRODUCT_NAME = "$(TARGET_NAME)";
				REGISTER_APP_GROUPS = YES;
				SDKROOT = auto;
				STRING_CATALOG_GENERATE_SYMBOLS = YES;
				SUPPORTED_PLATFORMS = "iphoneos iphonesimulator macosx xros xrsimulator";
				SWIFT_APPROACHABLE_CONCURRENCY = YES;
				SWIFT_DEFAULT_ACTOR_ISOLATION = MainActor;
				SWIFT_EMIT_LOC_STRINGS = YES;
				SWIFT_UPCOMING_FEATURE_MEMBER_IMPORT_VISIBILITY = YES;
				SWIFT_VERSION = 5.0;
				TARGETED_DEVICE_FAMILY = "1,2,7";
				XROS_DEPLOYMENT_TARGET = 26.0;
			};
			name = Debug;
		};
		8EBF521B2FF5AA2800AB9A5C /* Release */ = {
			isa = XCBuildConfiguration;
			baseConfigurationReference = 8EAA00012FFFFFFF00AB9A5C /* Secrets.xcconfig */;
			buildSettings = {
				ASSETCATALOG_COMPILER_APPICON_NAME = AppIcon;
				ASSETCATALOG_COMPILER_GLOBAL_ACCENT_COLOR_NAME = AccentColor;
				"CODE_SIGN_IDENTITY[sdk=macosx*]" = "Apple Development";
				CODE_SIGN_STYLE = Automatic;
				CURRENT_PROJECT_VERSION = 1;
				DEVELOPMENT_TEAM = VF7JY7AB79;
				ENABLE_APP_SANDBOX = YES;
				ENABLE_HARDENED_RUNTIME = YES;
				ENABLE_PREVIEWS = YES;
				ENABLE_USER_SELECTED_FILES = readonly;
				GENERATE_INFOPLIST_FILE = YES;
				INFOPLIST_FILE = "TradeX-Info.plist";
				INFOPLIST_KEY_LSApplicationCategoryType = "public.app-category.finance";
				"INFOPLIST_KEY_UIApplicationSceneManifest_Generation[sdk=iphoneos*]" = YES;
				"INFOPLIST_KEY_UIApplicationSceneManifest_Generation[sdk=iphonesimulator*]" = YES;
				"INFOPLIST_KEY_UIApplicationSupportsIndirectInputEvents[sdk=iphoneos*]" = YES;
				"INFOPLIST_KEY_UIApplicationSupportsIndirectInputEvents[sdk=iphonesimulator*]" = YES;
				"INFOPLIST_KEY_UILaunchScreen_Generation[sdk=iphoneos*]" = YES;
				"INFOPLIST_KEY_UILaunchScreen_Generation[sdk=iphonesimulator*]" = YES;
				"INFOPLIST_KEY_UIStatusBarStyle[sdk=iphoneos*]" = UIStatusBarStyleDefault;
				"INFOPLIST_KEY_UIStatusBarStyle[sdk=iphonesimulator*]" = UIStatusBarStyleDefault;
				INFOPLIST_KEY_UISupportedInterfaceOrientations_iPad = "UIInterfaceOrientationPortrait UIInterfaceOrientationPortraitUpsideDown UIInterfaceOrientationLandscapeLeft UIInterfaceOrientationLandscapeRight";
				INFOPLIST_KEY_UISupportedInterfaceOrientations_iPhone = "UIInterfaceOrientationPortrait UIInterfaceOrientationLandscapeLeft UIInterfaceOrientationLandscapeRight";
				IPHONEOS_DEPLOYMENT_TARGET = 18.6;
				LD_RUNPATH_SEARCH_PATHS = "@executable_path/Frameworks";
				"LD_RUNPATH_SEARCH_PATHS[sdk=macosx*]" = "@executable_path/../Frameworks";
				MACOSX_DEPLOYMENT_TARGET = 15.6;
				MARKETING_VERSION = 1.0;
				PRODUCT_BUNDLE_IDENTIFIER = vedant.TradeX;
				PRODUCT_NAME = "$(TARGET_NAME)";
				REGISTER_APP_GROUPS = YES;
				SDKROOT = auto;
				STRING_CATALOG_GENERATE_SYMBOLS = YES;
				SUPPORTED_PLATFORMS = "iphoneos iphonesimulator macosx xros xrsimulator";
				SWIFT_APPROACHABLE_CONCURRENCY = YES;
				SWIFT_DEFAULT_ACTOR_ISOLATION = MainActor;
				SWIFT_EMIT_LOC_STRINGS = YES;
				SWIFT_UPCOMING_FEATURE_MEMBER_IMPORT_VISIBILITY = YES;
				SWIFT_VERSION = 5.0;
				TARGETED_DEVICE_FAMILY = "1,2,7";
				XROS_DEPLOYMENT_TARGET = 26.0;
			};
			name = Release;
		};
		8EBB00082FFFFFFF00AB9A5C /* Debug */ = {
			isa = XCBuildConfiguration;
			buildSettings = {
				BUNDLE_LOADER = "$(TEST_HOST)";
				CODE_SIGN_STYLE = Automatic;
				CURRENT_PROJECT_VERSION = 1;
				DEVELOPMENT_TEAM = VF7JY7AB79;
				GENERATE_INFOPLIST_FILE = YES;
				IPHONEOS_DEPLOYMENT_TARGET = 18.6;
				MARKETING_VERSION = 1.0;
				PRODUCT_BUNDLE_IDENTIFIER = vedant.TradeXTests;
				PRODUCT_NAME = "$(TARGET_NAME)";
				SWIFT_APPROACHABLE_CONCURRENCY = YES;
				SWIFT_DEFAULT_ACTOR_ISOLATION = MainActor;
				SWIFT_EMIT_LOC_STRINGS = NO;
				SWIFT_VERSION = 5.0;
				TARGETED_DEVICE_FAMILY = "1,2";
				TEST_HOST = "$(BUILT_PRODUCTS_DIR)/TradeX.app/TradeX";
			};
			name = Debug;
		};
		8EBB00092FFFFFFF00AB9A5C /* Release */ = {
			isa = XCBuildConfiguration;
			buildSettings = {
				BUNDLE_LOADER = "$(TEST_HOST)";
				CODE_SIGN_STYLE = Automatic;
				CURRENT_PROJECT_VERSION = 1;
				DEVELOPMENT_TEAM = VF7JY7AB79;
				GENERATE_INFOPLIST_FILE = YES;
				IPHONEOS_DEPLOYMENT_TARGET = 18.6;
				MARKETING_VERSION = 1.0;
				PRODUCT_BUNDLE_IDENTIFIER = vedant.TradeXTests;
				PRODUCT_NAME = "$(TARGET_NAME)";
				SWIFT_APPROACHABLE_CONCURRENCY = YES;
				SWIFT_DEFAULT_ACTOR_ISOLATION = MainActor;
				SWIFT_EMIT_LOC_STRINGS = NO;
				SWIFT_VERSION = 5.0;
				TARGETED_DEVICE_FAMILY = "1,2";
				TEST_HOST = "$(BUILT_PRODUCTS_DIR)/TradeX.app/TradeX";
			};
			name = Release;
		};
/* End XCBuildConfiguration section */

/* Begin XCConfigurationList section */
		8EBF52072FF5AA2800AB9A5C /* Build configuration list for PBXProject "TradeX" */ = {
			isa = XCConfigurationList;
			buildConfigurations = (
				8EBF52172FF5AA2800AB9A5C /* Debug */,
				8EBF52182FF5AA2800AB9A5C /* Release */,
			);
			defaultConfigurationIsVisible = 0;
			defaultConfigurationName = Release;
		};
		8EBF52192FF5AA2800AB9A5C /* Build configuration list for PBXNativeTarget "TradeX" */ = {
			isa = XCConfigurationList;
			buildConfigurations = (
				8EBF521A2FF5AA2800AB9A5C /* Debug */,
				8EBF521B2FF5AA2800AB9A5C /* Release */,
			);
			defaultConfigurationIsVisible = 0;
			defaultConfigurationName = Release;
		};
		8EBB00072FFFFFFF00AB9A5C /* Build configuration list for PBXNativeTarget "TradeXTests" */ = {
			isa = XCConfigurationList;
			buildConfigurations = (
				8EBB00082FFFFFFF00AB9A5C /* Debug */,
				8EBB00092FFFFFFF00AB9A5C /* Release */,
			);
			defaultConfigurationIsVisible = 0;
			defaultConfigurationName = Release;
		};
/* End XCConfigurationList section */
	};
	rootObject = 8EBF52042FF5AA2800AB9A5C /* Project object */;
}
